
Microsoft Visual Studio Solution File, Format Version 12.00
# Visual Studio Version 17
VisualStudioVersion = 17.14.36518.9 d17.14
MinimumVisualStudioVersion = 10.0.40219.1
Project("{FAE04EC0-301F-11D3-BF4B-00C04F79EFBC}") = "MVC-Movie", "MVC-Movie\MVC-Movie.csproj", "{BDDB423F-070E-48A2-98AB-FE28C8975364}"
EndProject
Global
	GlobalSection(SolutionConfigurationPlatforms) = preSolution
		Debug|Any CPU = Debug|Any CPU
		Release|Any CPU = Release|Any CPU
	EndGlobalSection
	GlobalSection(ProjectConfigurationPlatforms) = postSolution
		{BDDB423F-070E-48A2-98AB-FE28C8975364}.Debug|Any CPU.ActiveCfg = Debug|Any CPU
		{BDDB423F-070E-48A2-98AB-FE28C8975364}.Debug|Any CPU.Build.0 = Debug|Any CPU
		{BDDB423F-070E-48A2-98AB-FE28C8975364}.Release|Any CPU.ActiveCfg = Release|Any CPU
		{BDDB423F-070E-48A2-98AB-FE28C8975364}.Release|Any CPU.Build.0 = Release|Any CPU
	EndGlobalSection
	GlobalSection(SolutionProperties) = preSolution
		HideSolutionNode = FALSE
	EndGlobalSection
	GlobalSection(ExtensibilityGlobals) = postSolution
		SolutionGuid = {BFEC5999-69D1-4BAC-88E4-C0129EE82DD5}
	EndGlobalSection
EndGlobal
